
Microsoft Visual Studio Solution File, Format Version 12.00
# Visual Studio Version 17
VisualStudioVersion = 17.4.33213.308
MinimumVisualStudioVersion = 10.0.40219.1
Project("{FAE04EC0-301F-11D3-BF4B-00C04F79EFBC}") = "Exam", "Exam\Exam.csproj", "{A3CB681F-7B72-430C-BC43-9C57B4D212CB}"
EndProject
Global
	GlobalSection(SolutionConfigurationPlatforms) = preSolution
		Debug|Any CPU = Debug|Any CPU
		Release|Any CPU = Release|Any CPU
	EndGlobalSection
	GlobalSection(ProjectConfigurationPlatforms) = postSolution
		{A3CB681F-7B72-430C-BC43-9C57B4D212CB}.Debug|Any CPU.ActiveCfg = Debug|Any CPU
		{A3CB681F-7B72-430C-BC43-9C57B4D212CB}.Debug|Any CPU.Build.0 = Debug|Any CPU
		{A3CB681F-7B72-430C-BC43-9C57B4D212CB}.Release|Any CPU.ActiveCfg = Release|Any CPU
		{A3CB681F-7B72-430C-BC43-9C57B4D212CB}.Release|Any CPU.Build.0 = Release|Any CPU
	EndGlobalSection
	GlobalSection(SolutionProperties) = preSolution
		HideSolutionNode = FALSE
	EndGlobalSection
	GlobalSection(ExtensibilityGlobals) = postSolution
		SolutionGuid = {98C0FAD1-D0CB-4F29-8583-AE1A09A4228E}
	EndGlobalSection
EndGlobal
